
Microsoft Visual Studio Solution File, Format Version 12.00
# Visual Studio Version 16
VisualStudioVersion = 16.0.31729.503
MinimumVisualStudioVersion = 10.0.40219.1
Project("{FAE04EC0-301F-11D3-BF4B-00C04F79EFBC}") = "StegoApp", "StegoApp\StegoApp.csproj", "{A317B04C-1164-443D-8A52-EB9A8615725E}"
EndProject
Global
	GlobalSection(SolutionConfigurationPlatforms) = preSolution
		Debug|Any CPU = Debug|Any CPU
		Release|Any CPU = Release|Any CPU
	EndGlobalSection
	GlobalSection(ProjectConfigurationPlatforms) = postSolution
		{A317B04C-1164-443D-8A52-EB9A8615725E}.Debug|Any CPU.ActiveCfg = Debug|Any CPU
		{A317B04C-1164-443D-8A52-EB9A8615725E}.Debug|Any CPU.Build.0 = Debug|Any CPU
		{A317B04C-1164-443D-8A52-EB9A8615725E}.Release|Any CPU.ActiveCfg = Release|Any CPU
		{A317B04C-1164-443D-8A52-EB9A8615725E}.Release|Any CPU.Build.0 = Release|Any CPU
	EndGlobalSection
	GlobalSection(SolutionProperties) = preSolution
		HideSolutionNode = FALSE
	EndGlobalSection
	GlobalSection(ExtensibilityGlobals) = postSolution
		SolutionGuid = {7D7FA308-C83C-4AB2-B6C8-D0EF9B768ECD}
	EndGlobalSection
EndGlobal
